
Microsoft Visual Studio Solution File, Format Version 12.00
# Visual Studio 15
VisualStudioVersion = 15.0.28010.2026
MinimumVisualStudioVersion = 10.0.40219.1
Project("{FAE04EC0-301F-11D3-BF4B-00C04F79EFBC}") = "CalculaImc.Android", "CalculaImc\CalculaImc.Android\CalculaImc.Android.csproj", "{888AD370-C4C7-4ADB-A7AA-08A6D419865A}"
EndProject
Project("{FAE04EC0-301F-11D3-BF4B-00C04F79EFBC}") = "CalculaImc.iOS", "CalculaImc\CalculaImc.iOS\CalculaImc.iOS.csproj", "{2652E465-429D-4468-929A-62090741A6DF}"
EndProject
Project("{9A19103F-16F7-4668-BE54-9A1E7A4F7556}") = "CalculaImc", "CalculaImc\CalculaImc\CalculaImc.csproj", "{6F45B757-F2E4-4AA3-8515-6F4FB0ACF38E}"
EndProject
Project("{FAE04EC0-301F-11D3-BF4B-00C04F79EFBC}") = "CalculaImc.Domain", "CalculaImc\CalculaImc.Domain\CalculaImc.Domain.csproj", "{61F51BEA-C868-4C06-924B-B1E53E2D4B0D}"
EndProject
Project("{FAE04EC0-301F-11D3-BF4B-00C04F79EFBC}") = "CalculaImc.Domain.Core", "CalculaImc\CalculaImc.Domain.Core\CalculaImc.Domain.Core.csproj", "{EF724C7C-9B07-40C5-8644-2A6CD226A263}"
EndProject
Project("{FAE04EC0-301F-11D3-BF4B-00C04F79EFBC}") = "CalculaImc.Infra.Data", "CalculaImc\CalculaImc.Infra.Data\CalculaImc.Infra.Data.csproj", "{9A6208F3-1944-40EC-9E4B-EEBF5A0C2F42}"
EndProject
Global
	GlobalSection(SolutionConfigurationPlatforms) = preSolution
		Ad-Hoc|Any CPU = Ad-Hoc|Any CPU
		Ad-Hoc|iPhone = Ad-Hoc|iPhone
		Ad-Hoc|iPhoneSimulator = Ad-Hoc|iPhoneSimulator
		AppStore|Any CPU = AppStore|Any CPU
		AppStore|iPhone = AppStore|iPhone
		AppStore|iPhoneSimulator = AppStore|iPhoneSimulator
		Debug|Any CPU = Debug|Any CPU
		Debug|iPhone = Debug|iPhone
		Debug|iPhoneSimulator = Debug|iPhoneSimulator
		Release|Any CPU = Release|Any CPU
		Release|iPhone = Release|iPhone
		Release|iPhoneSimulator = Release|iPhoneSimulator
	EndGlobalSection
	GlobalSection(ProjectConfigurationPlatforms) = postSolution
		{888AD370-C4C7-4ADB-A7AA-08A6D419865A}.Ad-Hoc|Any CPU.ActiveCfg = Release|Any CPU
		{888AD370-C4C7-4ADB-A7AA-08A6D419865A}.Ad-Hoc|Any CPU.Build.0 = Release|Any CPU
		{888AD370-C4C7-4ADB-A7AA-08A6D419865A}.Ad-Hoc|Any CPU.Deploy.0 = Release|Any CPU
		{888AD370-C4C7-4ADB-A7AA-08A6D419865A}.Ad-Hoc|iPhone.ActiveCfg = Release|Any CPU
		{888AD370-C4C7-4ADB-A7AA-08A6D419865A}.Ad-Hoc|iPhone.Build.0 = Release|Any CPU
		{888AD370-C4C7-4ADB-A7AA-08A6D419865A}.Ad-Hoc|iPhone.Deploy.0 = Release|Any CPU
		{888AD370-C4C7-4ADB-A7AA-08A6D419865A}.Ad-Hoc|iPhoneSimulator.ActiveCfg = Release|Any CPU
		{888AD370-C4C7-4ADB-A7AA-08A6D419865A}.Ad-Hoc|iPhoneSimulator.Build.0 = Release|Any CPU
		{888AD370-C4C7-4ADB-A7AA-08A6D419865A}.Ad-Hoc|iPhoneSimulator.Deploy.0 = Release|Any CPU
		{888AD370-C4C7-4ADB-A7AA-08A6D419865A}.AppStore|Any CPU.ActiveCfg = Release|Any CPU
		{888AD370-C4C7-4ADB-A7AA-08A6D419865A}.AppStore|Any CPU.Build.0 = Release|Any CPU
		{888AD370-C4C7-4ADB-A7AA-08A6D419865A}.AppStore|Any CPU.Deploy.0 = Release|Any CPU
		{888AD370-C4C7-4ADB-A7AA-08A6D419865A}.AppStore|iPhone.ActiveCfg = Release|Any CPU
		{888AD370-C4C7-4ADB-A7AA-08A6D419865A}.AppStore|iPhone.Build.0 = Release|Any CPU
		{888AD370-C4C7-4ADB-A7AA-08A6D419865A}.AppStore|iPhone.Deploy.0 = Release|Any CPU
		{888AD370-C4C7-4ADB-A7AA-08A6D419865A}.AppStore|iPhoneSimulator.ActiveCfg = Release|Any CPU
		{888AD370-C4C7-4ADB-A7AA-08A6D419865A}.AppStore|iPhoneSimulator.Build.0 = Release|Any CPU
		{888AD370-C4C7-4ADB-A7AA-08A6D419865A}.AppStore|iPhoneSimulator.Deploy.0 = Release|Any CPU
		{888AD370-C4C7-4ADB-A7AA-08A6D419865A}.Debug|Any CPU.ActiveCfg = Debug|Any CPU
		{888AD370-C4C7-4ADB-A7AA-08A6D419865A}.Debug|Any CPU.Build.0 = Debug|Any CPU
		{888AD370-C4C7-4ADB-A7AA-08A6D419865A}.Debug|Any CPU.Deploy.0 = Debug|Any CPU
		{888AD370-C4C7-4ADB-A7AA-08A6D419865A}.Debug|iPhone.ActiveCfg = Debug|Any CPU
		{888AD370-C4C7-4ADB-A7AA-08A6D419865A}.Debug|iPhone.Build.0 = Debug|Any CPU
		{888AD370-C4C7-4ADB-A7AA-08A6D419865A}.Debug|iPhone.Deploy.0 = Debug|Any CPU
		{888AD370-C4C7-4ADB-A7AA-08A6D419865A}.Debug|iPhoneSimulator.ActiveCfg = Debug|Any CPU
		{888AD370-C4C7-4ADB-A7AA-08A6D419865A}.Debug|iPhoneSimulator.Build.0 = Debug|Any CPU
		{888AD370-C4C7-4ADB-A7AA-08A6D419865A}.Debug|iPhoneSimulator.Deploy.0 = Debug|Any CPU
		{888AD370-C4C7-4ADB-A7AA-08A6D419865A}.Release|Any CPU.ActiveCfg = Release|Any CPU
		{888AD370-C4C7-4ADB-A7AA-08A6D419865A}.Release|Any CPU.Build.0 = Release|Any CPU
		{888AD370-C4C7-4ADB-A7AA-08A6D419865A}.Release|Any CPU.Deploy.0 = Release|Any CPU
		{888AD370-C4C7-4ADB-A7AA-08A6D419865A}.Release|iPhone.ActiveCfg = Release|Any CPU
		{888AD370-C4C7-4ADB-A7AA-08A6D419865A}.Release|iPhone.Build.0 = Release|Any CPU
		{888AD370-C4C7-4ADB-A7AA-08A6D419865A}.Release|iPhone.Deploy.0 = Release|Any CPU
		{888AD370-C4C7-4ADB-A7AA-08A6D419865A}.Release|iPhoneSimulator.ActiveCfg = Release|Any CPU
		{888AD370-C4C7-4ADB-A7AA-08A6D419865A}.Release|iPhoneSimulator.Build.0 = Release|Any CPU
		{888AD370-C4C7-4ADB-A7AA-08A6D419865A}.Release|iPhoneSimulator.Deploy.0 = Release|Any CPU
		{2652E465-429D-4468-929A-62090741A6DF}.Ad-Hoc|Any CPU.ActiveCfg = Ad-Hoc|iPhone
		{2652E465-429D-4468-929A-62090741A6DF}.Ad-Hoc|Any CPU.Build.0 = Ad-Hoc|iPhone
		{2652E465-429D-4468-929A-62090741A6DF}.Ad-Hoc|Any CPU.Deploy.0 = Ad-Hoc|iPhone
		{2652E465-429D-4468-929A-62090741A6DF}.Ad-Hoc|iPhone.ActiveCfg = Ad-Hoc|iPhone
		{2652E465-429D-4468-929A-62090741A6DF}.Ad-Hoc|iPhone.Build.0 = Ad-Hoc|iPhone
		{2652E465-429D-4468-929A-62090741A6DF}.Ad-Hoc|iPhone.Deploy.0 = Ad-Hoc|iPhone
		{2652E465-429D-4468-929A-62090741A6DF}.Ad-Hoc|iPhoneSimulator.ActiveCfg = Ad-Hoc|iPhoneSimulator
		{2652E465-429D-4468-929A-62090741A6DF}.Ad-Hoc|iPhoneSimulator.Build.0 = Ad-Hoc|iPhoneSimulator
		{2652E465-429D-4468-929A-62090741A6DF}.Ad-Hoc|iPhoneSimulator.Deploy.0 = Ad-Hoc|iPhoneSimulator
		{2652E465-429D-4468-929A-62090741A6DF}.AppStore|Any CPU.ActiveCfg = AppStore|iPhone
		{2652E465-429D-4468-929A-62090741A6DF}.AppStore|Any CPU.Build.0 = AppStore|iPhone
		{2652E465-429D-4468-929A-62090741A6DF}.AppStore|Any CPU.Deploy.0 = AppStore|iPhone
		{2652E465-429D-4468-929A-62090741A6DF}.AppStore|iPhone.ActiveCfg = AppStore|iPhone
		{2652E465-429D-4468-929A-62090741A6DF}.AppStore|iPhone.Build.0 = AppStore|iPhone
		{2652E465-429D-4468-929A-62090741A6DF}.AppStore|iPhone.Deploy.0 = AppStore|iPhone
		{2652E465-429D-4468-929A-62090741A6DF}.AppStore|iPhoneSimulator.ActiveCfg = AppStore|iPhoneSimulator
		{2652E465-429D-4468-929A-62090741A6DF}.AppStore|iPhoneSimulator.Build.0 = AppStore|iPhoneSimulator
		{2652E465-429D-4468-929A-62090741A6DF}.AppStore|iPhoneSimulator.Deploy.0 = AppStore|iPhoneSimulator
		{2652E465-429D-4468-929A-62090741A6DF}.Debug|Any CPU.ActiveCfg = Debug|iPhoneSimulator
		{2652E465-429D-4468-929A-62090741A6DF}.Debug|Any CPU.Build.0 = Debug|iPhoneSimulator
		{2652E465-429D-4468-929A-62090741A6DF}.Debug|Any CPU.Deploy.0 = Debug|iPhoneSimulator
		{2652E465-429D-4468-929A-62090741A6DF}.Debug|iPhone.ActiveCfg = Debug|iPhone
		{2652E465-429D-4468-929A-62090741A6DF}.Debug|iPhone.Build.0 = Debug|iPhone
		{2652E465-429D-4468-929A-62090741A6DF}.Debug|iPhone.Deploy.0 = Debug|iPhone
		{2652E465-429D-4468-929A-62090741A6DF}.Debug|iPhoneSimulator.ActiveCfg = Debug|iPhoneSimulator
		{2652E465-429D-4468-929A-62090741A6DF}.Debug|iPhoneSimulator.Build.0 = Debug|iPhoneSimulator
		{2652E465-429D-4468-929A-62090741A6DF}.Debug|iPhoneSimulator.Deploy.0 = Debug|iPhoneSimulator
		{2652E465-429D-4468-929A-62090741A6DF}.Release|Any CPU.ActiveCfg = Release|iPhone
		{2652E465-429D-4468-929A-62090741A6DF}.Release|Any CPU.Build.0 = Release|iPhone
		{2652E465-429D-4468-929A-62090741A6DF}.Release|Any CPU.Deploy.0 = Release|iPhone
		{2652E465-429D-4468-929A-62090741A6DF}.Release|iPhone.ActiveCfg = Release|iPhone
		{2652E465-429D-4468-929A-62090741A6DF}.Release|iPhone.Build.0 = Release|iPhone
		{2652E465-429D-4468-929A-62090741A6DF}.Release|iPhone.Deploy.0 = Release|iPhone
		{2652E465-429D-4468-929A-62090741A6DF}.Release|iPhoneSimulator.ActiveCfg = Release|iPhoneSimulator
		{2652E465-429D-4468-929A-62090741A6DF}.Release|iPhoneSimulator.Build.0 = Release|iPhoneSimulator
		{2652E465-429D-4468-929A-62090741A6DF}.Release|iPhoneSimulator.Deploy.0 = Release|iPhoneSimulator
		{6F45B757-F2E4-4AA3-8515-6F4FB0ACF38E}.Ad-Hoc|Any CPU.ActiveCfg = Debug|Any CPU
		{6F45B757-F2E4-4AA3-8515-6F4FB0ACF38E}.Ad-Hoc|Any CPU.Build.0 = Debug|Any CPU
		{6F45B757-F2E4-4AA3-8515-6F4FB0ACF38E}.Ad-Hoc|Any CPU.Deploy.0 = Debug|Any CPU
		{6F45B757-F2E4-4AA3-8515-6F4FB0ACF38E}.Ad-Hoc|iPhone.ActiveCfg = Debug|Any CPU
		{6F45B757-F2E4-4AA3-8515-6F4FB0ACF38E}.Ad-Hoc|iPhone.Build.0 = Debug|Any CPU
		{6F45B757-F2E4-4AA3-8515-6F4FB0ACF38E}.Ad-Hoc|iPhone.Deploy.0 = Debug|Any CPU
		{6F45B757-F2E4-4AA3-8515-6F4FB0ACF38E}.Ad-Hoc|iPhoneSimulator.ActiveCfg = Debug|Any CPU
		{6F45B757-F2E4-4AA3-8515-6F4FB0ACF38E}.Ad-Hoc|iPhoneSimulator.Build.0 = Debug|Any CPU
		{6F45B757-F2E4-4AA3-8515-6F4FB0ACF38E}.Ad-Hoc|iPhoneSimulator.Deploy.0 = Debug|Any CPU
		{6F45B757-F2E4-4AA3-8515-6F4FB0ACF38E}.AppStore|Any CPU.ActiveCfg = Debug|Any CPU
		{6F45B757-F2E4-4AA3-8515-6F4FB0ACF38E}.AppStore|Any CPU.Build.0 = Debug|Any CPU
		{6F45B757-F2E4-4AA3-8515-6F4FB0ACF38E}.AppStore|Any CPU.Deploy.0 = Debug|Any CPU
		{6F45B757-F2E4-4AA3-8515-6F4FB0ACF38E}.AppStore|iPhone.ActiveCfg = Debug|Any CPU
		{6F45B757-F2E4-4AA3-8515-6F4FB0ACF38E}.AppStore|iPhone.Build.0 = Debug|Any CPU
		{6F45B757-F2E4-4AA3-8515-6F4FB0ACF38E}.AppStore|iPhone.Deploy.0 = Debug|Any CPU
		{6F45B757-F2E4-4AA3-8515-6F4FB0ACF38E}.AppStore|iPhoneSimulator.ActiveCfg = Debug|Any CPU
		{6F45B757-F2E4-4AA3-8515-6F4FB0ACF38E}.AppStore|iPhoneSimulator.Build.0 = Debug|Any CPU
		{6F45B757-F2E4-4AA3-8515-6F4FB0ACF38E}.AppStore|iPhoneSimulator.Deploy.0 = Debug|Any CPU
		{6F45B757-F2E4-4AA3-8515-6F4FB0ACF38E}.Debug|Any CPU.ActiveCfg = Debug|Any CPU
		{6F45B757-F2E4-4AA3-8515-6F4FB0ACF38E}.Debug|Any CPU.Build.0 = Debug|Any CPU
		{6F45B757-F2E4-4AA3-8515-6F4FB0ACF38E}.Debug|Any CPU.Deploy.0 = Debug|Any CPU
		{6F45B757-F2E4-4AA3-8515-6F4FB0ACF38E}.Debug|iPhone.ActiveCfg = Debug|Any CPU
		{6F45B757-F2E4-4AA3-8515-6F4FB0ACF38E}.Debug|iPhone.Build.0 = Debug|Any CPU
		{6F45B757-F2E4-4AA3-8515-6F4FB0ACF38E}.Debug|iPhone.Deploy.0 = Debug|Any CPU
		{6F45B757-F2E4-4AA3-8515-6F4FB0ACF38E}.Debug|iPhoneSimulator.ActiveCfg = Debug|Any CPU
		{6F45B757-F2E4-4AA3-8515-6F4FB0ACF38E}.Debug|iPhoneSimulator.Build.0 = Debug|Any CPU
		{6F45B757-F2E4-4AA3-8515-6F4FB0ACF38E}.Debug|iPhoneSimulator.Deploy.0 = Debug|Any CPU
		{6F45B757-F2E4-4AA3-8515-6F4FB0ACF38E}.Release|Any CPU.ActiveCfg = Release|Any CPU
		{6F45B757-F2E4-4AA3-8515-6F4FB0ACF38E}.Release|Any CPU.Build.0 = Release|Any CPU
		{6F45B757-F2E4-4AA3-8515-6F4FB0ACF38E}.Release|Any CPU.Deploy.0 = Release|Any CPU
		{6F45B757-F2E4-4AA3-8515-6F4FB0ACF38E}.Release|iPhone.ActiveCfg = Release|Any CPU
		{6F45B757-F2E4-4AA3-8515-6F4FB0ACF38E}.Release|iPhone.Build.0 = Release|Any CPU
		{6F45B757-F2E4-4AA3-8515-6F4FB0ACF38E}.Release|iPhone.Deploy.0 = Release|Any CPU
		{6F45B757-F2E4-4AA3-8515-6F4FB0ACF38E}.Release|iPhoneSimulator.ActiveCfg = Release|Any CPU
		{6F45B757-F2E4-4AA3-8515-6F4FB0ACF38E}.Release|iPhoneSimulator.Build.0 = Release|Any CPU
		{6F45B757-F2E4-4AA3-8515-6F4FB0ACF38E}.Release|iPhoneSimulator.Deploy.0 = Release|Any CPU
		{61F51BEA-C868-4C06-924B-B1E53E2D4B0D}.Ad-Hoc|Any CPU.ActiveCfg = Debug|Any CPU
		{61F51BEA-C868-4C06-924B-B1E53E2D4B0D}.Ad-Hoc|Any CPU.Build.0 = Debug|Any CPU
		{61F51BEA-C868-4C06-924B-B1E53E2D4B0D}.Ad-Hoc|iPhone.ActiveCfg = Debug|Any CPU
		{61F51BEA-C868-4C06-924B-B1E53E2D4B0D}.Ad-Hoc|iPhone.Build.0 = Debug|Any CPU
		{61F51BEA-C868-4C06-924B-B1E53E2D4B0D}.Ad-Hoc|iPhoneSimulator.ActiveCfg = Debug|Any CPU
		{61F51BEA-C868-4C06-924B-B1E53E2D4B0D}.Ad-Hoc|iPhoneSimulator.Build.0 = Debug|Any CPU
		{61F51BEA-C868-4C06-924B-B1E53E2D4B0D}.AppStore|Any CPU.ActiveCfg = Debug|Any CPU
		{61F51BEA-C868-4C06-924B-B1E53E2D4B0D}.AppStore|Any CPU.Build.0 = Debug|Any CPU
		{61F51BEA-C868-4C06-924B-B1E53E2D4B0D}.AppStore|iPhone.ActiveCfg = Debug|Any CPU
		{61F51BEA-C868-4C06-924B-B1E53E2D4B0D}.AppStore|iPhone.Build.0 = Debug|Any CPU
		{61F51BEA-C868-4C06-924B-B1E53E2D4B0D}.AppStore|iPhoneSimulator.ActiveCfg = Debug|Any CPU
		{61F51BEA-C868-4C06-924B-B1E53E2D4B0D}.AppStore|iPhoneSimulator.Build.0 = Debug|Any CPU
		{61F51BEA-C868-4C06-924B-B1E53E2D4B0D}.Debug|Any CPU.ActiveCfg = Debug|Any CPU
		{61F51BEA-C868-4C06-924B-B1E53E2D4B0D}.Debug|Any CPU.Build.0 = Debug|Any CPU
		{61F51BEA-C868-4C06-924B-B1E53E2D4B0D}.Debug|iPhone.ActiveCfg = Debug|Any CPU
		{61F51BEA-C868-4C06-924B-B1E53E2D4B0D}.Debug|iPhone.Build.0 = Debug|Any CPU
		{61F51BEA-C868-4C06-924B-B1E53E2D4B0D}.Debug|iPhoneSimulator.ActiveCfg = Debug|Any CPU
		{61F51BEA-C868-4C06-924B-B1E53E2D4B0D}.Debug|iPhoneSimulator.Build.0 = Debug|Any CPU
		{61F51BEA-C868-4C06-924B-B1E53E2D4B0D}.Release|Any CPU.ActiveCfg = Release|Any CPU
		{61F51BEA-C868-4C06-924B-B1E53E2D4B0D}.Release|Any CPU.Build.0 = Release|Any CPU
		{61F51BEA-C868-4C06-924B-B1E53E2D4B0D}.Release|iPhone.ActiveCfg = Release|Any CPU
		{61F51BEA-C868-4C06-924B-B1E53E2D4B0D}.Release|iPhone.Build.0 = Release|Any CPU
		{61F51BEA-C868-4C06-924B-B1E53E2D4B0D}.Release|iPhoneSimulator.ActiveCfg = Release|Any CPU
		{61F51BEA-C868-4C06-924B-B1E53E2D4B0D}.Release|iPhoneSimulator.Build.0 = Release|Any CPU
		{EF724C7C-9B07-40C5-8644-2A6CD226A263}.Ad-Hoc|Any CPU.ActiveCfg = Debug|Any CPU
		{EF724C7C-9B07-40C5-8644-2A6CD226A263}.Ad-Hoc|Any CPU.Build.0 = Debug|Any CPU
		{EF724C7C-9B07-40C5-8644-2A6CD226A263}.Ad-Hoc|iPhone.ActiveCfg = Debug|Any CPU
		{EF724C7C-9B07-40C5-8644-2A6CD226A263}.Ad-Hoc|iPhone.Build.0 = Debug|Any CPU
		{EF724C7C-9B07-40C5-8644-2A6CD226A263}.Ad-Hoc|iPhoneSimulator.ActiveCfg = Debug|Any CPU
		{EF724C7C-9B07-40C5-8644-2A6CD226A263}.Ad-Hoc|iPhoneSimulator.Build.0 = Debug|Any CPU
		{EF724C7C-9B07-40C5-8644-2A6CD226A263}.AppStore|Any CPU.ActiveCfg = Debug|Any CPU
		{EF724C7C-9B07-40C5-8644-2A6CD226A263}.AppStore|Any CPU.Build.0 = Debug|Any CPU
		{EF724C7C-9B07-40C5-8644-2A6CD226A263}.AppStore|iPhone.ActiveCfg = Debug|Any CPU
		{EF724C7C-9B07-40C5-8644-2A6CD226A263}.AppStore|iPhone.Build.0 = Debug|Any CPU
		{EF724C7C-9B07-40C5-8644-2A6CD226A263}.AppStore|iPhoneSimulator.ActiveCfg = Debug|Any CPU
		{EF724C7C-9B07-40C5-8644-2A6CD226A263}.AppStore|iPhoneSimulator.Build.0 = Debug|Any CPU
		{EF724C7C-9B07-40C5-8644-2A6CD226A263}.Debug|Any CPU.ActiveCfg = Debug|Any CPU
		{EF724C7C-9B07-40C5-8644-2A6CD226A263}.Debug|Any CPU.Build.0 = Debug|Any CPU
		{EF724C7C-9B07-40C5-8644-2A6CD226A263}.Debug|iPhone.ActiveCfg = Debug|Any CPU
		{EF724C7C-9B07-40C5-8644-2A6CD226A263}.Debug|iPhone.Build.0 = Debug|Any CPU
		{EF724C7C-9B07-40C5-8644-2A6CD226A263}.Debug|iPhoneSimulator.ActiveCfg = Debug|Any CPU
		{EF724C7C-9B07-40C5-8644-2A6CD226A263}.Debug|iPhoneSimulator.Build.0 = Debug|Any CPU
		{EF724C7C-9B07-40C5-8644-2A6CD226A263}.Release|Any CPU.ActiveCfg = Release|Any CPU
		{EF724C7C-9B07-40C5-8644-2A6CD226A263}.Release|Any CPU.Build.0 = Release|Any CPU
		{EF724C7C-9B07-40C5-8644-2A6CD226A263}.Release|iPhone.ActiveCfg = Release|Any CPU
		{EF724C7C-9B07-40C5-8644-2A6CD226A263}.Release|iPhone.Build.0 = Release|Any CPU
		{EF724C7C-9B07-40C5-8644-2A6CD226A263}.Release|iPhoneSimulator.ActiveCfg = Release|Any CPU
		{EF724C7C-9B07-40C5-8644-2A6CD226A263}.Release|iPhoneSimulator.Build.0 = Release|Any CPU
		{9A6208F3-1944-40EC-9E4B-EEBF5A0C2F42}.Ad-Hoc|Any CPU.ActiveCfg = Debug|Any CPU
		{9A6208F3-1944-40EC-9E4B-EEBF5A0C2F42}.Ad-Hoc|Any CPU.Build.0 = Debug|Any CPU
		{9A6208F3-1944-40EC-9E4B-EEBF5A0C2F42}.Ad-Hoc|iPhone.ActiveCfg = Debug|Any CPU
		{9A6208F3-1944-40EC-9E4B-EEBF5A0C2F42}.Ad-Hoc|iPhone.Build.0 = Debug|Any CPU
		{9A6208F3-1944-40EC-9E4B-EEBF5A0C2F42}.Ad-Hoc|iPhoneSimulator.ActiveCfg = Debug|Any CPU
		{9A6208F3-1944-40EC-9E4B-EEBF5A0C2F42}.Ad-Hoc|iPhoneSimulator.Build.0 = Debug|Any CPU
		{9A6208F3-1944-40EC-9E4B-EEBF5A0C2F42}.AppStore|Any CPU.ActiveCfg = Debug|Any CPU
		{9A6208F3-1944-40EC-9E4B-EEBF5A0C2F42}.AppStore|Any CPU.Build.0 = Debug|Any CPU
		{9A6208F3-1944-40EC-9E4B-EEBF5A0C2F42}.AppStore|iPhone.ActiveCfg = Debug|Any CPU
		{9A6208F3-1944-40EC-9E4B-EEBF5A0C2F42}.AppStore|iPhone.Build.0 = Debug|Any CPU
		{9A6208F3-1944-40EC-9E4B-EEBF5A0C2F42}.AppStore|iPhoneSimulator.ActiveCfg = Debug|Any CPU
		{9A6208F3-1944-40EC-9E4B-EEBF5A0C2F42}.AppStore|iPhoneSimulator.Build.0 = Debug|Any CPU
		{9A6208F3-1944-40EC-9E4B-EEBF5A0C2F42}.Debug|Any CPU.ActiveCfg = Debug|Any CPU
		{9A6208F3-1944-40EC-9E4B-EEBF5A0C2F42}.Debug|Any CPU.Build.0 = Debug|Any CPU
		{9A6208F3-1944-40EC-9E4B-EEBF5A0C2F42}.Debug|iPhone.ActiveCfg = Debug|Any CPU
		{9A6208F3-1944-40EC-9E4B-EEBF5A0C2F42}.Debug|iPhone.Build.0 = Debug|Any CPU
		{9A6208F3-1944-40EC-9E4B-EEBF5A0C2F42}.Debug|iPhoneSimulator.ActiveCfg = Debug|Any CPU
		{9A6208F3-1944-40EC-9E4B-EEBF5A0C2F42}.Debug|iPhoneSimulator.Build.0 = Debug|Any CPU
		{9A6208F3-1944-40EC-9E4B-EEBF5A0C2F42}.Release|Any CPU.ActiveCfg = Release|Any CPU
		{9A6208F3-1944-40EC-9E4B-EEBF5A0C2F42}.Release|Any CPU.Build.0 = Release|Any CPU
		{9A6208F3-1944-40EC-9E4B-EEBF5A0C2F42}.Release|iPhone.ActiveCfg = Release|Any CPU
		{9A6208F3-1944-40EC-9E4B-EEBF5A0C2F42}.Release|iPhone.Build.0 = Release|Any CPU
		{9A6208F3-1944-40EC-9E4B-EEBF5A0C2F42}.Release|iPhoneSimulator.ActiveCfg = Release|Any CPU
		{9A6208F3-1944-40EC-9E4B-EEBF5A0C2F42}.Release|iPhoneSimulator.Build.0 = Release|Any CPU
	EndGlobalSection
	GlobalSection(SolutionProperties) = preSolution
		HideSolutionNode = FALSE
	EndGlobalSection
	GlobalSection(ExtensibilityGlobals) = postSolution
		SolutionGuid = {B87A0F9F-62F1-4599-A0C7-8A7C78452B21}
	EndGlobalSection
EndGlobal
